
Microsoft Visual Studio Solution File, Format Version 12.00
# Visual Studio Version 17
VisualStudioVersion = 17.6.33829.357
MinimumVisualStudioVersion = 10.0.40219.1
Project("{FAE04EC0-301F-11D3-BF4B-00C04F79EFBC}") = "ArrowPlugin", "ArrowPlugin.csproj", "{B1DE7E9B-52AB-42C4-AC62-04C2FEAA85D2}"
EndProject
Global
	GlobalSection(SolutionConfigurationPlatforms) = preSolution
		Debug|Any CPU = Debug|Any CPU
		Release|Any CPU = Release|Any CPU
	EndGlobalSection
	GlobalSection(ProjectConfigurationPlatforms) = postSolution
		{B1DE7E9B-52AB-42C4-AC62-04C2FEAA85D2}.Debug|Any CPU.ActiveCfg = Debug|Any CPU
		{B1DE7E9B-52AB-42C4-AC62-04C2FEAA85D2}.Debug|Any CPU.Build.0 = Debug|Any CPU
		{B1DE7E9B-52AB-42C4-AC62-04C2FEAA85D2}.Release|Any CPU.ActiveCfg = Release|Any CPU
		{B1DE7E9B-52AB-42C4-AC62-04C2FEAA85D2}.Release|Any CPU.Build.0 = Release|Any CPU
	EndGlobalSection
	GlobalSection(SolutionProperties) = preSolution
		HideSolutionNode = FALSE
	EndGlobalSection
	GlobalSection(ExtensibilityGlobals) = postSolution
		SolutionGuid = {12D1A41C-A0F8-49BD-8625-5C7D0645B1C9}
	EndGlobalSection
EndGlobal
